version = 1
requires-python = ">=3.11"

[[package]]
name = "annotated-types"
version = "0.7.0"
source = { registry = "https://pypi.org/simple" }
sdist = { url = "https://files.pythonhosted.org/packages/ee/67/531ea369ba64dcff5ec9c3402f9f51bf748cec26dde048a2f973a4eea7f5/annotated_types-0.7.0.tar.gz", hash = "sha256:aff07c09a53a08bc8cfccb9c85b05f1aa9a2a6f23728d790723543408344ce89", size = 16081 }
wheels = [
    { url = "https://files.pythonhosted.org/packages/78/b6/6307fbef88d9b5ee7421e68d78a9f162e0da4900bc5f5793f6d3d0e34fb8/annotated_types-0.7.0-py3-none-any.whl", hash = "sha256:1f02e8b43a8fbbc3f3e0d4f0f4bfc8131bcb4eebe8849b8e5c773f3a1c582a53", size = 13643 },
]

[[package]]
name = "anyio"
version = "4.8.0"
source = { registry = "https://pypi.org/simple" }
dependencies = [
    { name = "idna" },
    { name = "sniffio" },
    { name = "typing-extensions", marker = "python_full_version < '3.13'" },
]
sdist = { url = "https://files.pythonhosted.org/packages/a3/73/199a98fc2dae33535d6b8e8e6ec01f8c1d76c9adb096c6b7d64823038cde/anyio-4.8.0.tar.gz", hash = "sha256:1d9fe889df5212298c0c0723fa20479d1b94883a2df44bd3897aa91083316f7a", size = 181126 }
wheels = [
    { url = "https://files.pythonhosted.org/packages/46/eb/e7f063ad1fec6b3178a3cd82d1a3c4de82cccf283fc42746168188e1cdd5/anyio-4.8.0-py3-none-any.whl", hash = "sha256:b5011f270ab5eb0abf13385f851315585cc37ef330dd88e27ec3d34d651fd47a", size = 96041 },
]

[[package]]
name = "async-timeout"
version = "5.0.1"
source = { registry = "https://pypi.org/simple" }
sdist = { url = "https://files.pythonhosted.org/packages/a5/ae/136395dfbfe00dfc94da3f3e136d0b13f394cba8f4841120e34226265780/async_timeout-5.0.1.tar.gz", hash = "sha256:d9321a7a3d5a6a5e187e824d2fa0793ce379a202935782d555d6e9d2735677d3", size = 9274 }
wheels = [
    { url = "https://files.pythonhosted.org/packages/fe/ba/e2081de779ca30d473f21f5b30e0e737c438205440784c7dfc81efc2b029/async_timeout-5.0.1-py3-none-any.whl", hash = "sha256:39e3809566ff85354557ec2398b55e096c8364bacac9405a7a1fa429e77fe76c", size = 6233 },
]

[[package]]
name = "asyncpg"
version = "0.29.0"
source = { registry = "https://pypi.org/simple" }
dependencies = [
    { name = "async-timeout", marker = "python_full_version < '3.12'" },
]
sdist = { url = "https://files.pythonhosted.org/packages/c1/11/7a6000244eaeb6b8ed2238bf33477c486515d6133f2c295913aca3ba4a00/asyncpg-0.29.0.tar.gz", hash = "sha256:d1c49e1f44fffafd9a55e1a9b101590859d881d639ea2922516f5d9c512d354e", size = 820455 }
wheels = [
    { url = "https://files.pythonhosted.org/packages/69/28/3e3c4e243778f0361214b9d6e8bc6aa8e8bf55f35a2d2cb8949a6863caab/asyncpg-0.29.0-cp311-cp311-macosx_10_9_x86_64.whl", hash = "sha256:d4900ee08e85af01adb207519bb4e14b1cae8fd21e0ccf80fac6aa60b6da37b4", size = 653061 },
    { url = "https://files.pythonhosted.org/packages/4a/13/f96284d7014dd06db2e78bea15706443d7895548bf74cf34f0c3ee1863fd/asyncpg-0.29.0-cp311-cp311-macosx_11_0_arm64.whl", hash = "sha256:a65c1dcd820d5aea7c7d82a3fdcb70e096f8f70d1a8bf93eb458e49bfad036ac", size = 638740 },
    { url = "https://files.pythonhosted.org/packages/27/25/d140bd503932f99528edc0a1461648973ad3c1c67f5929d11f3e8b5f81f4/asyncpg-0.29.0-cp311-cp311-manylinux_2_17_aarch64.manylinux2014_aarch64.whl", hash = "sha256:5b52e46f165585fd6af4863f268566668407c76b2c72d366bb8b522fa66f1870", size = 2788952 },
    { url = "https://files.pythonhosted.org/packages/c4/41/a0bdc18f13bdd5f27e7fc1b5de7e1caae19951967c109bca1a2e99cf3331/asyncpg-0.29.0-cp311-cp311-manylinux_2_17_x86_64.manylinux2014_x86_64.whl", hash = "sha256:dc600ee8ef3dd38b8d67421359779f8ccec30b463e7aec7ed481c8346decf99f", size = 2809108 },
    { url = "https://files.pythonhosted.org/packages/f2/1f/1737248d7b1b75d19e7f07a98321bc58cb6fc979754c78544cfebff3359b/asyncpg-0.29.0-cp311-cp311-musllinux_1_1_aarch64.whl", hash = "sha256:039a261af4f38f949095e1e780bae84a25ffe3e370175193174eb08d3cecab23", size = 3355924 },
    { url = "https://files.pythonhosted.org/packages/88/b0/6bebd69ed484055d47b78ea34fd9887c35694b63c9a648a7f02759d3bf73/asyncpg-0.29.0-cp311-cp311-musllinux_1_1_x86_64.whl", hash = "sha256:6feaf2d8f9138d190e5ec4390c1715c3e87b37715cd69b2c3dfca616134efd2b", size = 3391360 },
    { url = "https://files.pythonhosted.org/packages/5b/89/3ed6e9d235f8aa13aa8ee8dc3a70f754962dbd441bec2dcfdae9f9e0e2e3/asyncpg-0.29.0-cp311-cp311-win32.whl", hash = "sha256:1e186427c88225ef730555f5fdda6c1812daa884064bfe6bc462fd3a71c4b675", size = 496216 },
    { url = "https://files.pythonhosted.org/packages/f2/39/f7e755b5d5aa59d8385c08be58726aceffc1da9360041031554d664c783f/asyncpg-0.29.0-cp311-cp311-win_amd64.whl", hash = "sha256:cfe73ffae35f518cfd6e4e5f5abb2618ceb5ef02a2365ce64f132601000587d3", size = 543321 },
    { url = "https://files.pythonhosted.org/packages/f2/b7/38b7c195f66a5598413c538da499b3f8119ba5764ded6fff620f7eb84c65/asyncpg-0.29.0-cp312-cp312-macosx_10_9_x86_64.whl", hash = "sha256:6011b0dc29886ab424dc042bf9eeb507670a3b40aece3439944006aafe023178", size = 636282 },
    { url = "https://files.pythonhosted.org/packages/eb/0b/d128b57f7e994a6d71253d0a6a8c949fc50c969785010d46b87d8491be24/asyncpg-0.29.0-cp312-cp312-macosx_11_0_arm64.whl", hash = "sha256:b544ffc66b039d5ec5a7454667f855f7fec08e0dfaf5a5490dfafbb7abbd2cfb", size = 618024 },
    { url = "https://files.pythonhosted.org/packages/49/ac/0396e559e1e7ab23787f790ae96b22affe2d66acebb084d6fc42293d12b8/asyncpg-0.29.0-cp312-cp312-manylinux_2_17_aarch64.manylinux2014_aarch64.whl", hash = "sha256:d84156d5fb530b06c493f9e7635aa18f518fa1d1395ef240d211cb563c4e2364", size = 3196465 },
    { url = "https://files.pythonhosted.org/packages/99/38/0bfb00e9b828513bd759174860fd2b1c5e36d0b33985c90ff4ed6f96814c/asyncpg-0.29.0-cp312-cp312-manylinux_2_17_x86_64.manylinux2014_x86_64.whl", hash = "sha256:54858bc25b49d1114178d65a88e48ad50cb2b6f3e475caa0f0c092d5f527c106", size = 3275564 },
    { url = "https://files.pythonhosted.org/packages/16/1b/bb42784e9895832bf460ee6643f818bd53e4d6a6308cca5984c581a51845/asyncpg-0.29.0-cp312-cp312-musllinux_1_1_aarch64.whl", hash = "sha256:bde17a1861cf10d5afce80a36fca736a86769ab3579532c03e45f83ba8a09c59", size = 3164724 },
    { url = "https://files.pythonhosted.org/packages/d5/d1/7ed5169e30e80573c942f5a6f29b2f87d5b8379bdd9bd916f0ed136c874e/asyncpg-0.29.0-cp312-cp312-musllinux_1_1_x86_64.whl", hash = "sha256:37a2ec1b9ff88d8773d3eb6d3784dc7e3fee7756a5317b67f923172a4748a175", size = 3252834 },
    { url = "https://files.pythonhosted.org/packages/91/2e/20e024608c57c2099531ba492c761b12fdd80891a67e58c92de44d05d57e/asyncpg-0.29.0-cp312-cp312-win32.whl", hash = "sha256:bb1292d9fad43112a85e98ecdc2e051602bce97c199920586be83254d9dafc02", size = 487254 },
    { url = "https://files.pythonhosted.org/packages/71/86/7a18e1a457afb73991e5e5586e2341af09a31c91d8f65cc003f0b4553252/asyncpg-0.29.0-cp312-cp312-win_amd64.whl", hash = "sha256:2245be8ec5047a605e0b454c894e54bf2ec787ac04b1cb7e0d3c67aa1e32f0fe", size = 530253 },
]

[[package]]
name = "certifi"
version = "2025.1.31"
source = { registry = "https://pypi.org/simple" }
sdist = { url = "https://files.pythonhosted.org/packages/1c/ab/c9f1e32b7b1bf505bf26f0ef697775960db7932abeb7b516de930ba2705f/certifi-2025.1.31.tar.gz", hash = "sha256:3d5da6925056f6f18f119200434a4780a94263f10d1c21d032a6f6b2baa20651", size = 167577 }
wheels = [
    { url = "https://files.pythonhosted.org/packages/38/fc/bce832fd4fd99766c04d1ee0eead6b0ec6486fb100ae5e74c1d91292b982/certifi-2025.1.31-py3-none-any.whl", hash = "sha256:ca78db4565a652026a4db2bcdf68f2fb589ea80d0be70e03929ed730746b84fe", size = 166393 },
]

[[package]]
name = "click"
version = "8.1.8"
source = { registry = "https://pypi.org/simple" }
dependencies = [
    { name = "colorama", marker = "sys_platform == 'win32'" },
]
sdist = { url = "https://files.pythonhosted.org/packages/b9/2e/0090cbf739cee7d23781ad4b89a9894a41538e4fcf4c31dcdd705b78eb8b/click-8.1.8.tar.gz", hash = "sha256:ed53c9d8990d83c2a27deae68e4ee337473f6330c040a31d4225c9574d16096a", size = 226593 }
wheels = [
    { url = "https://files.pythonhosted.org/packages/7e/d4/7ebdbd03970677812aac39c869717059dbb71a4cfc033ca6e5221787892c/click-8.1.8-py3-none-any.whl", hash = "sha256:63c132bbbed01578a06712a2d1f497bb62d9c1c0d329b7903a866228027263b2", size = 98188 },
]

[[package]]
name = "colorama"
version = "0.4.6"
source = { registry = "https://pypi.org/simple" }
sdist = { url = "https://files.pythonhosted.org/packages/d8/53/6f443c9a4a8358a93a6792e2acffb9d9d5cb0a5cfd8802644b7b1c9a02e4/colorama-0.4.6.tar.gz", hash = "sha256:08695f5cb7ed6e0531a20572697297273c47b8cae5a63ffc6d6ed5c201be6e44", size = 27697 }
wheels = [
    { url = "https://files.pythonhosted.org/packages/d1/d6/3965ed04c63042e047cb6a3e6ed1a63a35087b6a609aa3a15ed8ac56c221/colorama-0.4.6-py2.py3-none-any.whl", hash = "sha256:4f1d9991f5acc0ca119f9d443620b77f9d6b33703e51011c16baf57afb285fc6", size = 25335 },
]

[[package]]
name = "fastapi"
version = "0.109.1"
source = { registry = "https://pypi.org/simple" }
dependencies = [
    { name = "pydantic" },
    { name = "starlette" },
    { name = "typing-extensions" },
]
sdist = { url = "https://files.pythonhosted.org/packages/eb/62/b2c12c2a381040a1d77e1b4fd3e210ffb0488876e9b493069f56eb2db971/fastapi-0.109.1.tar.gz", hash = "sha256:5402389843a3561918634eb327e86b9ae98645a9e7696bede9074449c48d610a", size = 11720487 }
wheels = [
    { url = "https://files.pythonhosted.org/packages/e3/cb/fa5122eec49e6bca91d3a332a3bc1dff3c12d093228e9e524cad3a7f1039/fastapi-0.109.1-py3-none-any.whl", hash = "sha256:510042044906b17b6d9149135d90886ade170bf615efcfb5533f568ae6d88534", size = 92070 },
]

[[package]]
name = "h11"
version = "0.14.0"
source = { registry = "https://pypi.org/simple" }
sdist = { url = "https://files.pythonhosted.org/packages/f5/38/3af3d3633a34a3316095b39c8e8fb4853a28a536e55d347bd8d8e9a14b03/h11-0.14.0.tar.gz", hash = "sha256:8f19fbbe99e72420ff35c00b27a34cb9937e902a8b810e2c88300c6f0a3b699d", size = 100418 }
wheels = [
    { url = "https://files.pythonhosted.org/packages/95/04/ff642e65ad6b90db43e668d70ffb6736436c7ce41fcc549f4e9472234127/h11-0.14.0-py3-none-any.whl", hash = "sha256:e3fe4ac4b851c468cc8363d500db52c2ead036020723024a109d37346efaa761", size = 58259 },
]

[[package]]
name = "httpcore"
version = "1.0.7"
source = { registry = "https://pypi.org/simple" }
dependencies = [
    { name = "certifi" },
    { name = "h11" },
]
sdist = { url = "https://files.pythonhosted.org/packages/6a/41/d7d0a89eb493922c37d343b607bc1b5da7f5be7e383740b4753ad8943e90/httpcore-1.0.7.tar.gz", hash = "sha256:8551cb62a169ec7162ac7be8d4817d561f60e08eaa485234898414bb5a8a0b4c", size = 85196 }
wheels = [
    { url = "https://files.pythonhosted.org/packages/87/f5/72347bc88306acb359581ac4d52f23c0ef445b57157adedb9aee0cd689d2/httpcore-1.0.7-py3-none-any.whl", hash = "sha256:a3fff8f43dc260d5bd363d9f9cf1830fa3a458b332856f34282de498ed420edd", size = 78551 },
]

[[package]]
name = "httpx"
version = "0.26.0"
source = { registry = "https://pypi.org/simple" }
dependencies = [
    { name = "anyio" },
    { name = "certifi" },
    { name = "httpcore" },
    { name = "idna" },
    { name = "sniffio" },
]
sdist = { url = "https://files.pythonhosted.org/packages/bd/26/2dc654950920f499bd062a211071925533f821ccdca04fa0c2fd914d5d06/httpx-0.26.0.tar.gz", hash = "sha256:451b55c30d5185ea6b23c2c793abf9bb237d2a7dfb901ced6ff69ad37ec1dfaf", size = 125671 }
wheels = [
    { url = "https://files.pythonhosted.org/packages/39/9b/4937d841aee9c2c8102d9a4eeb800c7dad25386caabb4a1bf5010df81a57/httpx-0.26.0-py3-none-any.whl", hash = "sha256:8915f5a3627c4d47b73e8202457cb28f1266982d1159bd5779d86a80c0eab1cd", size = 75862 },
]

[[package]]
name = "idna"
version = "3.10"
source = { registry = "https://pypi.org/simple" }
sdist = { url = "https://files.pythonhosted.org/packages/f1/70/7703c29685631f5a7590aa73f1f1d3fa9a380e654b86af429e0934a32f7d/idna-3.10.tar.gz", hash = "sha256:12f65c9b470abda6dc35cf8e63cc574b1c52b11df2c86030af0ac09b01b13ea9", size = 190490 }
wheels = [
    { url = "https://files.pythonhosted.org/packages/76/c6/c88e154df9c4e1a2a66ccf0005a88dfb2650c1dffb6f5ce603dfbd452ce3/idna-3.10-py3-none-any.whl", hash = "sha256:946d195a0d259cbba61165e88e65941f16e9b36ea6ddb97f00452bae8b1287d3", size = 70442 },
]

[[package]]
name = "pydantic"
version = "2.5.3"
source = { registry = "https://pypi.org/simple" }
dependencies = [
    { name = "annotated-types" },
    { name = "pydantic-core" },
    { name = "typing-extensions" },
]
sdist = { url = "https://files.pythonhosted.org/packages/aa/3f/56142232152145ecbee663d70a19a45d078180633321efb3847d2562b490/pydantic-2.5.3.tar.gz", hash = "sha256:b3ef57c62535b0941697cce638c08900d87fcb67e29cfa99e8a68f747f393f7a", size = 651797 }
wheels = [
    { url = "https://files.pythonhosted.org/packages/dd/b7/9aea7ee6c01fe3f3c03b8ca3c7797c866df5fecece9d6cb27caa138db2e2/pydantic-2.5.3-py3-none-any.whl", hash = "sha256:d0caf5954bee831b6bfe7e338c32b9e30c85dfe080c843680783ac2b631673b4", size = 381926 },
]

[[package]]
name = "pydantic-ai"
version = "0.0.0"
source = { registry = "https://pypi.org/simple" }
sdist = { url = "https://files.pythonhosted.org/packages/b0/e6/e7c03ed4f468885149002862774ae8e86a67469852fb76b60f786101c91b/pydantic_ai-0.0.0.tar.gz", hash = "sha256:d8e54b8a84d1b3a64aa776a23b5314a614b24ee87166a59053a1bac6ed023ed5", size = 1367 }
wheels = [
    { url = "https://files.pythonhosted.org/packages/d1/be/00de97abb1b92953ffc3946e81b563f17f66229a4c8ed888f2ee0821ebfc/pydantic_ai-0.0.0-py3-none-any.whl", hash = "sha256:0464a0825d83b6b736eba3c7ea10e34ecfca9efa41ad5b51ab31ab6e7925f0bc", size = 1926 },
]

[[package]]
name = "pydantic-core"
version = "2.14.6"
source = { registry = "https://pypi.org/simple" }
dependencies = [
    { name = "typing-extensions" },
]
sdist = { url = "https://files.pythonhosted.org/packages/b2/7d/8304d8471cfe4288f95a3065ebda56f9790d087edc356ad5bd83c89e2d79/pydantic_core-2.14.6.tar.gz", hash = "sha256:1fd0c1d395372843fba13a51c28e3bb9d59bd7aebfeb17358ffaaa1e4dbbe948", size = 360305 }
wheels = [
    { url = "https://files.pythonhosted.org/packages/7d/77/cbfa02b5f46c5ec6be131d97ae93eef883e25d61b4f4d0a058c792b7e3a2/pydantic_core-2.14.6-cp311-cp311-macosx_10_7_x86_64.whl", hash = "sha256:dea7fcd62915fb150cdc373212141a30037e11b761fbced340e9db3379b892d4", size = 1861976 },
    { url = "https://files.pythonhosted.org/packages/fb/17/3e4908cf8cb5a1d189f9dfa7cb5698d945e9a4db6b9138e3fef3c32c1f68/pydantic_core-2.14.6-cp311-cp311-macosx_11_0_arm64.whl", hash = "sha256:ffff855100bc066ff2cd3aa4a60bc9534661816b110f0243e59503ec2df38421", size = 1744008 },
    { url = "https://files.pythonhosted.org/packages/14/53/7844d20be3a334ea46cdcde8a480cf47e31026d4117d7415a0144d7379c9/pydantic_core-2.14.6-cp311-cp311-manylinux_2_17_aarch64.manylinux2014_aarch64.whl", hash = "sha256:1b027c86c66b8627eb90e57aee1f526df77dc6d8b354ec498be9a757d513b92b", size = 1830087 },
    { url = "https://files.pythonhosted.org/packages/f1/7b/0fd3444362f31c5f42b655c1ed734480433aa9f8bde97daa19cee0bc2844/pydantic_core-2.14.6-cp311-cp311-manylinux_2_17_armv7l.manylinux2014_armv7l.whl", hash = "sha256:00b1087dabcee0b0ffd104f9f53d7d3eaddfaa314cdd6726143af6bc713aa27e", size = 1852928 },
    { url = "https://files.pythonhosted.org/packages/24/1d/601f861c0d76154217ea6b066e39f04159a761b9c3a7ca56b0dd0267ce3a/pydantic_core-2.14.6-cp311-cp311-manylinux_2_17_ppc64le.manylinux2014_ppc64le.whl", hash = "sha256:75ec284328b60a4e91010c1acade0c30584f28a1f345bc8f72fe8b9e46ec6a96", size = 2003799 },
    { url = "https://files.pythonhosted.org/packages/e8/5e/a30d56bb6b19e84bcde76cba2d6df45779f127ec73fa2e6d91f0ad3d4bc2/pydantic_core-2.14.6-cp311-cp311-manylinux_2_17_s390x.manylinux2014_s390x.whl", hash = "sha256:7e1f4744eea1501404b20b0ac059ff7e3f96a97d3e3f48ce27a139e053bb370b", size = 2985579 },
    { url = "https://files.pythonhosted.org/packages/e7/84/2dc88180fc6f0d13aab2a47a53b89c2dbc239e2a87d0a58e31077e111e82/pydantic_core-2.14.6-cp311-cp311-manylinux_2_17_x86_64.manylinux2014_x86_64.whl", hash = "sha256:b2602177668f89b38b9f84b7b3435d0a72511ddef45dc14446811759b82235a1", size = 2071737 },
    { url = "https://files.pythonhosted.org/packages/0d/18/7c17d33b2c8dea2189b2547bafcb70a69a3e537eec12429cc0abfedab683/pydantic_core-2.14.6-cp311-cp311-manylinux_2_5_i686.manylinux1_i686.whl", hash = "sha256:6c8edaea3089bf908dd27da8f5d9e395c5b4dc092dbcce9b65e7156099b4b937", size = 1919929 },
    { url = "https://files.pythonhosted.org/packages/c1/7b/a1cfe9d3fdedf2b33d41960500c17ccba025b483720c79965b73d607687f/pydantic_core-2.14.6-cp311-cp311-musllinux_1_1_aarch64.whl", hash = "sha256:478e9e7b360dfec451daafe286998d4a1eeaecf6d69c427b834ae771cad4b622", size = 2010042 },
    { url = "https://files.pythonhosted.org/packages/2a/09/c39be628d6068952f30b381576a4392af2024505747572cd70b19f6d9bde/pydantic_core-2.14.6-cp311-cp311-musllinux_1_1_x86_64.whl", hash = "sha256:b6ca36c12a5120bad343eef193cc0122928c5c7466121da7c20f41160ba00ba2", size = 2135569 },
    { url = "https://files.pythonhosted.org/packages/8a/07/ea362b25882fb0efbe2818011a572a112416903fbc3205b6c5dab3d9695c/pydantic_core-2.14.6-cp311-none-win32.whl", hash = "sha256:2b8719037e570639e6b665a4050add43134d80b687288ba3ade18b22bbb29dd2", size = 1730779 },
    { url = "https://files.pythonhosted.org/packages/72/d2/fcb3bc3d6d2fa35387b57e9925f1ff5469c2da634b85061dadbd8c398545/pydantic_core-2.14.6-cp311-none-win_amd64.whl", hash = "sha256:78ee52ecc088c61cce32b2d30a826f929e1708f7b9247dc3b921aec367dc1b23", size = 1891297 },
    { url = "https://files.pythonhosted.org/packages/20/68/41661007a1436f5f3dea7b9f536f083bbf843c8ebd6a207c36c98b01bde1/pydantic_core-2.14.6-cp311-none-win_arm64.whl", hash = "sha256:a19b794f8fe6569472ff77602437ec4430f9b2b9ec7a1105cfd2232f9ba355e6", size = 1849591 },
    { url = "https://files.pythonhosted.org/packages/b1/26/4bd7ac215215322a693c178a022993450ebf7b1e91b26941f72407e1e9a1/pydantic_core-2.14.6-cp312-cp312-macosx_10_7_x86_64.whl", hash = "sha256:667aa2eac9cd0700af1ddb38b7b1ef246d8cf94c85637cbb03d7757ca4c3fdec", size = 1855038 },
    { url = "https://files.pythonhosted.org/packages/a5/f8/07a2563f40b863ba97f3db648697f3f1d7b7edf1bd679f210064cb556e74/pydantic_core-2.14.6-cp312-cp312-macosx_11_0_arm64.whl", hash = "sha256:cdee837710ef6b56ebd20245b83799fce40b265b3b406e51e8ccc5b85b9099b7", size = 1718829 },
    { url = "https://files.pythonhosted.org/packages/ba/98/fb42628ed811643c364e05353d3a015c74859402994420aeba8e3e34a54c/pydantic_core-2.14.6-cp312-cp312-manylinux_2_17_aarch64.manylinux2014_aarch64.whl", hash = "sha256:2c5bcf3414367e29f83fd66f7de64509a8fd2368b1edf4351e862910727d3e51", size = 1824883 },
    { url = "https://files.pythonhosted.org/packages/69/ed/6a318d3846ac45e4e8d7c81a4c4f9cad341f4715521cc2cc7baecd6be9c0/pydantic_core-2.14.6-cp312-cp312-manylinux_2_17_armv7l.manylinux2014_armv7l.whl", hash = "sha256:26a92ae76f75d1915806b77cf459811e772d8f71fd1e4339c99750f0e7f6324f", size = 1834955 },
    { url = "https://files.pythonhosted.org/packages/0b/d0/adf341fb8ed080bf5abb91c42752ffa099d8439e45d3fa40a21f259f724c/pydantic_core-2.14.6-cp312-cp312-manylinux_2_17_ppc64le.manylinux2014_ppc64le.whl", hash = "sha256:a983cca5ed1dd9a35e9e42ebf9f278d344603bfcb174ff99a5815f953925140a", size = 1994990 },
    { url = "https://files.pythonhosted.org/packages/5e/58/7cac843607f3b2d0af1768fae90ef219413db163a7cfb7557344edfeed2f/pydantic_core-2.14.6-cp312-cp312-manylinux_2_17_s390x.manylinux2014_s390x.whl", hash = "sha256:cb92f9061657287eded380d7dc455bbf115430b3aa4741bdc662d02977e7d0af", size = 3001843 },
    { url = "https://files.pythonhosted.org/packages/f3/62/076e6c43735950e911d80c6edf215314a8cf9b8adefe9613b72b09ccb1ee/pydantic_core-2.14.6-cp312-cp312-manylinux_2_17_x86_64.manylinux2014_x86_64.whl", hash = "sha256:e4ace1e220b078c8e48e82c081e35002038657e4b37d403ce940fa679e57113b", size = 2067417 },
    { url = "https://files.pythonhosted.org/packages/d0/21/7ca5edf46bc6706152d459b560d669cfd72afe0dda24292408f1be8008d6/pydantic_core-2.14.6-cp312-cp312-manylinux_2_5_i686.manylinux1_i686.whl", hash = "sha256:ef633add81832f4b56d3b4c9408b43d530dfca29e68fb1b797dcb861a2c734cd", size = 1922514 },
    { url = "https://files.pythonhosted.org/packages/b7/53/101aac1d63a743284cdae804ceb6f561879c385f355caf20d2d87da6d36d/pydantic_core-2.14.6-cp312-cp312-musllinux_1_1_aarch64.whl", hash = "sha256:7e90d6cc4aad2cc1f5e16ed56e46cebf4877c62403a311af20459c15da76fd91", size = 2004496 },
    { url = "https://files.pythonhosted.org/packages/9f/7a/2e906fc1a5e4ca45e730118f0afb4878a39a1d505d895835d8cc5452446c/pydantic_core-2.14.6-cp312-cp312-musllinux_1_1_x86_64.whl", hash = "sha256:e8a5ac97ea521d7bde7621d86c30e86b798cdecd985723c4ed737a2aa9e77d0c", size = 2129106 },
    { url = "https://files.pythonhosted.org/packages/d9/3e/28bd56c6aeadaae2eca12e39274b880505dd7fc9fa7b732d11167275c084/pydantic_core-2.14.6-cp312-none-win32.whl", hash = "sha256:f27207e8ca3e5e021e2402ba942e5b4c629718e665c81b8b306f3c8b1ddbb786", size = 1743090 },
    { url = "https://files.pythonhosted.org/packages/84/13/afa2b5c336d30a43592f9bc8d5769ccd15b32b4ef243bd792496fe336925/pydantic_core-2.14.6-cp312-none-win_amd64.whl", hash = "sha256:b3e5fe4538001bb82e2295b8d2a39356a84694c97cb73a566dc36328b9f83b40", size = 1866497 },
    { url = "https://files.pythonhosted.org/packages/04/33/68e91365ac5ef23fc70fbc4e24ab2f212a6ca39cd23b81589af9807946df/pydantic_core-2.14.6-cp312-none-win_arm64.whl", hash = "sha256:64634ccf9d671c6be242a664a33c4acf12882670b09b3f163cd00a24cffbd74e", size = 1844384 },
]

[[package]]
name = "python-dotenv"
version = "1.0.0"
source = { registry = "https://pypi.org/simple" }
sdist = { url = "https://files.pythonhosted.org/packages/31/06/1ef763af20d0572c032fa22882cfbfb005fba6e7300715a37840858c919e/python-dotenv-1.0.0.tar.gz", hash = "sha256:a8df96034aae6d2d50a4ebe8216326c61c3eb64836776504fcca410e5937a3ba", size = 37399 }
wheels = [
    { url = "https://files.pythonhosted.org/packages/44/2f/62ea1c8b593f4e093cc1a7768f0d46112107e790c3e478532329e434f00b/python_dotenv-1.0.0-py3-none-any.whl", hash = "sha256:f5971a9226b701070a4bf2c38c89e5a3f0d64de8debda981d1db98583009122a", size = 19482 },
]

[[package]]
name = "repl-nix-workspace"
version = "0.1.0"
source = { virtual = "." }
dependencies = [
    { name = "asyncpg" },
    { name = "fastapi" },
    { name = "httpx" },
    { name = "pydantic" },
    { name = "pydantic-ai" },
    { name = "python-dotenv" },
    { name = "uvicorn" },
]

[package.metadata]
requires-dist = [
    { name = "asyncpg", specifier = "==0.29.0" },
    { name = "fastapi", specifier = "==0.109.1" },
    { name = "httpx", specifier = "==0.26.0" },
    { name = "pydantic", specifier = "==2.5.3" },
    { name = "pydantic-ai", specifier = ">=0.0.0" },
    { name = "python-dotenv", specifier = "==1.0.0" },
    { name = "uvicorn", specifier = "==0.27.0" },
]

[[package]]
name = "sniffio"
version = "1.3.1"
source = { registry = "https://pypi.org/simple" }
sdist = { url = "https://files.pythonhosted.org/packages/a2/87/a6771e1546d97e7e041b6ae58d80074f81b7d5121207425c964ddf5cfdbd/sniffio-1.3.1.tar.gz", hash = "sha256:f4324edc670a0f49750a81b895f35c3adb843cca46f0530f79fc1babb23789dc", size = 20372 }
wheels = [
    { url = "https://files.pythonhosted.org/packages/e9/44/75a9c9421471a6c4805dbf2356f7c181a29c1879239abab1ea2cc8f38b40/sniffio-1.3.1-py3-none-any.whl", hash = "sha256:2f6da418d1f1e0fddd844478f41680e794e6051915791a034ff65e5f100525a2", size = 10235 },
]

[[package]]
name = "starlette"
version = "0.35.1"
source = { registry = "https://pypi.org/simple" }
dependencies = [
    { name = "anyio" },
]
sdist = { url = "https://files.pythonhosted.org/packages/5e/8a/80e0343c8051e522752eaae54e96c814946ac97ae0c08b441620e3a22755/starlette-0.35.1.tar.gz", hash = "sha256:3e2639dac3520e4f58734ed22553f950d3f3cb1001cd2eaac4d57e8cdc5f66bc", size = 2840584 }
wheels = [
    { url = "https://files.pythonhosted.org/packages/03/13/c60c738da2fb69d60ee1dc5631e8d152352003cc0bc4ce39582bdd90e293/starlette-0.35.1-py3-none-any.whl", hash = "sha256:50bbbda9baa098e361f398fda0928062abbaf1f54f4fadcbe17c092a01eb9a25", size = 71076 },
]

[[package]]
name = "typing-extensions"
version = "4.12.2"
source = { registry = "https://pypi.org/simple" }
sdist = { url = "https://files.pythonhosted.org/packages/df/db/f35a00659bc03fec321ba8bce9420de607a1d37f8342eee1863174c69557/typing_extensions-4.12.2.tar.gz", hash = "sha256:1a7ead55c7e559dd4dee8856e3a88b41225abfe1ce8df57b7c13915fe121ffb8", size = 85321 }
wheels = [
    { url = "https://files.pythonhosted.org/packages/26/9f/ad63fc0248c5379346306f8668cda6e2e2e9c95e01216d2b8ffd9ff037d0/typing_extensions-4.12.2-py3-none-any.whl", hash = "sha256:04e5ca0351e0f3f85c6853954072df659d0d13fac324d0072316b67d7794700d", size = 37438 },
]

[[package]]
name = "uvicorn"
version = "0.27.0"
source = { registry = "https://pypi.org/simple" }
dependencies = [
    { name = "click" },
    { name = "h11" },
]
sdist = { url = "https://files.pythonhosted.org/packages/52/75/9cf554ed256d8bcdf3a9bb831b599c4e48e4e5993931fb512f75e529ece4/uvicorn-0.27.0.tar.gz", hash = "sha256:c855578045d45625fd027367f7653d249f7c49f9361ba15cf9624186b26b8eb6", size = 40963 }
wheels = [
    { url = "https://files.pythonhosted.org/packages/ec/00/2555ae5c4c8550ffccf8eea97476750bd1cfc0880b4b3ab7237dff4b01d7/uvicorn-0.27.0-py3-none-any.whl", hash = "sha256:890b00f6c537d58695d3bb1f28e23db9d9e7a17cbcc76d7457c499935f933e24", size = 60648 },
]
